
Microsoft Visual Studio Solution File, Format Version 12.00
# Visual Studio 14
VisualStudioVersion = 14.0.25420.1
MinimumVisualStudioVersion = 10.0.40219.1
Project("{2150E333-8FDC-42A3-9474-1A3956D46DE8}") = "Source", "Source", "{F299C55F-CDA5-4FE1-9DA0-0662F16165F1}"
EndProject
Project("{2150E333-8FDC-42A3-9474-1A3956D46DE8}") = "Lib", "Lib", "{27D37065-A15D-488B-9B58-FB9D4A74EF38}"
EndProject
Project("{2150E333-8FDC-42A3-9474-1A3956D46DE8}") = "Tests", "Tests", "{DD370C50-389E-410C-8DDC-0586A1D2B98A}"
EndProject
Project("{2150E333-8FDC-42A3-9474-1A3956D46DE8}") = "SolutionItems", "SolutionItems", "{8660BE67-89FD-4A2D-892C-AAB5553515C5}"
	ProjectSection(SolutionItems) = preProject
		appveyor.yml = appveyor.yml
		LICENSE.md = LICENSE.md
		README.md = README.md
	EndProjectSection
EndProject
Project("{FAE04EC0-301F-11D3-BF4B-00C04F79EFBC}") = "RangeIt", "Source\Lib\RangeIt\RangeIt.csproj", "{36E301DD-0299-4004-8F7E-7F827CCA0CC8}"
EndProject
Project("{FAE04EC0-301F-11D3-BF4B-00C04F79EFBC}") = "RangeIt.Tests", "Source\Tests\RangeIt.Tests\RangeIt.Tests.csproj", "{1CD8648E-5835-402A-A013-C7AC21D6F565}"
EndProject
Project("{2150E333-8FDC-42A3-9474-1A3956D46DE8}") = "Examples", "Examples", "{BA6698AA-23B2-45D3-BCEE-2B822EB08573}"
EndProject
Project("{FAE04EC0-301F-11D3-BF4B-00C04F79EFBC}") = "Iterator.Examples", "Examples\Iterator.Examples\Iterator.Examples.csproj", "{044DB8A8-0867-45E6-8C7C-C7797F8AA5DD}"
EndProject
Global
	GlobalSection(SolutionConfigurationPlatforms) = preSolution
		Debug|Any CPU = Debug|Any CPU
		Release|Any CPU = Release|Any CPU
	EndGlobalSection
	GlobalSection(ProjectConfigurationPlatforms) = postSolution
		{36E301DD-0299-4004-8F7E-7F827CCA0CC8}.Debug|Any CPU.ActiveCfg = Debug|Any CPU
		{36E301DD-0299-4004-8F7E-7F827CCA0CC8}.Debug|Any CPU.Build.0 = Debug|Any CPU
		{36E301DD-0299-4004-8F7E-7F827CCA0CC8}.Release|Any CPU.ActiveCfg = Release|Any CPU
		{36E301DD-0299-4004-8F7E-7F827CCA0CC8}.Release|Any CPU.Build.0 = Release|Any CPU
		{1CD8648E-5835-402A-A013-C7AC21D6F565}.Debug|Any CPU.ActiveCfg = Debug|Any CPU
		{1CD8648E-5835-402A-A013-C7AC21D6F565}.Debug|Any CPU.Build.0 = Debug|Any CPU
		{1CD8648E-5835-402A-A013-C7AC21D6F565}.Release|Any CPU.ActiveCfg = Release|Any CPU
		{1CD8648E-5835-402A-A013-C7AC21D6F565}.Release|Any CPU.Build.0 = Release|Any CPU
		{044DB8A8-0867-45E6-8C7C-C7797F8AA5DD}.Debug|Any CPU.ActiveCfg = Debug|Any CPU
		{044DB8A8-0867-45E6-8C7C-C7797F8AA5DD}.Debug|Any CPU.Build.0 = Debug|Any CPU
		{044DB8A8-0867-45E6-8C7C-C7797F8AA5DD}.Release|Any CPU.ActiveCfg = Release|Any CPU
		{044DB8A8-0867-45E6-8C7C-C7797F8AA5DD}.Release|Any CPU.Build.0 = Release|Any CPU
	EndGlobalSection
	GlobalSection(SolutionProperties) = preSolution
		HideSolutionNode = FALSE
	EndGlobalSection
	GlobalSection(NestedProjects) = preSolution
		{27D37065-A15D-488B-9B58-FB9D4A74EF38} = {F299C55F-CDA5-4FE1-9DA0-0662F16165F1}
		{DD370C50-389E-410C-8DDC-0586A1D2B98A} = {F299C55F-CDA5-4FE1-9DA0-0662F16165F1}
		{36E301DD-0299-4004-8F7E-7F827CCA0CC8} = {27D37065-A15D-488B-9B58-FB9D4A74EF38}
		{1CD8648E-5835-402A-A013-C7AC21D6F565} = {DD370C50-389E-410C-8DDC-0586A1D2B98A}
		{044DB8A8-0867-45E6-8C7C-C7797F8AA5DD} = {BA6698AA-23B2-45D3-BCEE-2B822EB08573}
	EndGlobalSection
EndGlobal
